// !$*UTF8*$!
{
	archiveVersion = 1;
	classes = {
	};
	objectVersion = 46;
	objects = {

/* Begin PBXBuildFile section */
		E9462E392018C36E0059FDEC /* SolicitudTarjetaDatosPersonalesViewController.m in Sources */ = {isa = PBXBuildFile; fileRef = E9462E382018C36E0059FDEC /* SolicitudTarjetaDatosPersonalesViewController.m */; };
		E9462E3C2018C3A40059FDEC /* DatosPersonalesPasoUnoViewController.m in Sources */ = {isa = PBXBuildFile; fileRef = E9462E3B2018C3A40059FDEC /* DatosPersonalesPasoUnoViewController.m */; };
		E9462E3E2018C4160059FDEC /* DatosPersonalesPasoUnoView.xib in Resources */ = {isa = PBXBuildFile; fileRef = E9462E3D2018C4160059FDEC /* DatosPersonalesPasoUnoView.xib */; };
		E9631D9B2020C21200C6C1A4 /* DiagonalView.m in Sources */ = {isa = PBXBuildFile; fileRef = E9631D992020C21200C6C1A4 /* DiagonalView.m */; };
		E9655E95200F84F3000E96AE /* LoginPasoDosView.m in Sources */ = {isa = PBXBuildFile; fileRef = E9655E94200F84F3000E96AE /* LoginPasoDosView.m */; };
		E9655E97200F8813000E96AE /* LoginPasoDosView.xib in Resources */ = {isa = PBXBuildFile; fileRef = E9655E96200F8813000E96AE /* LoginPasoDosView.xib */; };
		E9655E9A200FA122000E96AE /* LoginPasoTresView.m in Sources */ = {isa = PBXBuildFile; fileRef = E9655E99200FA122000E96AE /* LoginPasoTresView.m */; };
		E9655E9C200FA143000E96AE /* LoginPasoTresView.xib in Resources */ = {isa = PBXBuildFile; fileRef = E9655E9B200FA143000E96AE /* LoginPasoTresView.xib */; };
		E9B553D7200E4D310038E5DB /* main.m in Sources */ = {isa = PBXBuildFile; fileRef = E9B553D6200E4D310038E5DB /* main.m */; };
		E9B553DA200E4D310038E5DB /* AppDelegate.m in Sources */ = {isa = PBXBuildFile; fileRef = E9B553D9200E4D310038E5DB /* AppDelegate.m */; };
		E9B553DD200E4D310038E5DB /* ViewController.m in Sources */ = {isa = PBXBuildFile; fileRef = E9B553DC200E4D310038E5DB /* ViewController.m */; };
		E9B553E0200E4D310038E5DB /* Main.storyboard in Resources */ = {isa = PBXBuildFile; fileRef = E9B553DE200E4D310038E5DB /* Main.storyboard */; };
		E9B553E2200E4D310038E5DB /* Assets.xcassets in Resources */ = {isa = PBXBuildFile; fileRef = E9B553E1200E4D310038E5DB /* Assets.xcassets */; };
		E9B553E5200E4D310038E5DB /* LaunchScreen.storyboard in Resources */ = {isa = PBXBuildFile; fileRef = E9B553E3200E4D310038E5DB /* LaunchScreen.storyboard */; };
		E9B553F0200E4D320038E5DB /* OaoApplicationTests.m in Sources */ = {isa = PBXBuildFile; fileRef = E9B553EF200E4D320038E5DB /* OaoApplicationTests.m */; };
		E9B553FB200E4D320038E5DB /* OaoApplicationUITests.m in Sources */ = {isa = PBXBuildFile; fileRef = E9B553FA200E4D320038E5DB /* OaoApplicationUITests.m */; };
		E9B5540A200E4EDC0038E5DB /* BaseParentStepsMultiplesViewsViewController.m in Sources */ = {isa = PBXBuildFile; fileRef = E9B55409200E4EDC0038E5DB /* BaseParentStepsMultiplesViewsViewController.m */; };
		E9B5540E200E524E0038E5DB /* LoginViewController.m in Sources */ = {isa = PBXBuildFile; fileRef = E9B5540D200E524E0038E5DB /* LoginViewController.m */; };
		E9B55411200E54880038E5DB /* LoginPasoUnoView.m in Sources */ = {isa = PBXBuildFile; fileRef = E9B55410200E54880038E5DB /* LoginPasoUnoView.m */; };
		E9B55415200E59E60038E5DB /* LoginPasoUnoView.xib in Resources */ = {isa = PBXBuildFile; fileRef = E9B55414200E59E60038E5DB /* LoginPasoUnoView.xib */; };
		E9B55418200E6FA30038E5DB /* BBVAPickerButtonView.m in Sources */ = {isa = PBXBuildFile; fileRef = E9B55417200E6FA30038E5DB /* BBVAPickerButtonView.m */; };
		E9B55420200E71C10038E5DB /* BBVAPickerButtonView.xib in Resources */ = {isa = PBXBuildFile; fileRef = E9B5541F200E71C10038E5DB /* BBVAPickerButtonView.xib */; };
		E9B5542B200E7BA30038E5DB /* TipoDocumentoPickerView.xib in Resources */ = {isa = PBXBuildFile; fileRef = E9B5542A200E7BA30038E5DB /* TipoDocumentoPickerView.xib */; };
		E9D76853201F6633000E1107 /* ComponentTextFieldView.xib in Resources */ = {isa = PBXBuildFile; fileRef = E9D76852201F6633000E1107 /* ComponentTextFieldView.xib */; };
		E9DD7133201623320007173E /* BeneficiosCollectionViewCell.xib in Resources */ = {isa = PBXBuildFile; fileRef = E9DD7132201623320007173E /* BeneficiosCollectionViewCell.xib */; };
		E9DD7136201625600007173E /* BeneficiosCollectionViewCell.m in Sources */ = {isa = PBXBuildFile; fileRef = E9DD71352016255F0007173E /* BeneficiosCollectionViewCell.m */; };
		E9DD7139201669230007173E /* UsuarioLogeadoMensajeViewController.m in Sources */ = {isa = PBXBuildFile; fileRef = E9DD7138201669230007173E /* UsuarioLogeadoMensajeViewController.m */; };
		E9DD713B201669780007173E /* UsuarioLogeadoMensajeView.xib in Resources */ = {isa = PBXBuildFile; fileRef = E9DD713A201669780007173E /* UsuarioLogeadoMensajeView.xib */; };
		E9E402D72010D95B007ADB12 /* SalirModalViewController.m in Sources */ = {isa = PBXBuildFile; fileRef = E9E402D62010D95B007ADB12 /* SalirModalViewController.m */; };
		E9EBC8F9201A08A400DB2F7F /* DatosPersonalesPasoDosViewController.m in Sources */ = {isa = PBXBuildFile; fileRef = E9EBC8F8201A08A400DB2F7F /* DatosPersonalesPasoDosViewController.m */; };
		E9EBC8FB201A093900DB2F7F /* DatosPersonalesPasoDosView.xib in Resources */ = {isa = PBXBuildFile; fileRef = E9EBC8FA201A093900DB2F7F /* DatosPersonalesPasoDosView.xib */; };
		E9EBC8FE201A151B00DB2F7F /* DatosPersonalesPasoTresViewController.m in Sources */ = {isa = PBXBuildFile; fileRef = E9EBC8FD201A151B00DB2F7F /* DatosPersonalesPasoTresViewController.m */; };
		E9EBC900201A15F200DB2F7F /* DatosPersonalesPasoTresView.xib in Resources */ = {isa = PBXBuildFile; fileRef = E9EBC8FF201A15F200DB2F7F /* DatosPersonalesPasoTresView.xib */; };
		E9EBC909201A23A800DB2F7F /* ComponentDateViewController.m in Sources */ = {isa = PBXBuildFile; fileRef = E9EBC907201A23A800DB2F7F /* ComponentDateViewController.m */; };
		E9EBC90A201A23A800DB2F7F /* ComponentDateView.xib in Resources */ = {isa = PBXBuildFile; fileRef = E9EBC908201A23A800DB2F7F /* ComponentDateView.xib */; };
		E9EBC90F201A5BB100DB2F7F /* OaoWebView.m in Sources */ = {isa = PBXBuildFile; fileRef = E9EBC90D201A5BB100DB2F7F /* OaoWebView.m */; };
		E9EBC910201A5BB100DB2F7F /* OaoWebView.xib in Resources */ = {isa = PBXBuildFile; fileRef = E9EBC90E201A5BB100DB2F7F /* OaoWebView.xib */; };
		E9EBC916201A6C7700DB2F7F /* OptionPickerViewController.m in Sources */ = {isa = PBXBuildFile; fileRef = E9EBC912201A6C7700DB2F7F /* OptionPickerViewController.m */; };
		E9EBC917201A6C7700DB2F7F /* OptionPickerViewController.xib in Resources */ = {isa = PBXBuildFile; fileRef = E9EBC913201A6C7700DB2F7F /* OptionPickerViewController.xib */; };
		E9EBC918201A6C7700DB2F7F /* OptionPickerViewController+Utils.m in Sources */ = {isa = PBXBuildFile; fileRef = E9EBC915201A6C7700DB2F7F /* OptionPickerViewController+Utils.m */; };
		E9EBC923201A8CA400DB2F7F /* UIColor+WalletColors.m in Sources */ = {isa = PBXBuildFile; fileRef = E9EBC919201A8CA400DB2F7F /* UIColor+WalletColors.m */; };
		E9EBC924201A8CA400DB2F7F /* TipoDocumentosPickerView.m in Sources */ = {isa = PBXBuildFile; fileRef = E9EBC91C201A8CA400DB2F7F /* TipoDocumentosPickerView.m */; };
		E9EBC926201A8CA400DB2F7F /* Documento.m in Sources */ = {isa = PBXBuildFile; fileRef = E9EBC91F201A8CA400DB2F7F /* Documento.m */; };
		E9EBC927201A8CA400DB2F7F /* UIImage+WalletBundle.m in Sources */ = {isa = PBXBuildFile; fileRef = E9EBC921201A8CA400DB2F7F /* UIImage+WalletBundle.m */; };
		E9F689A420178BE4002E2556 /* ComenzarSolicitudTarjetaViewController.m in Sources */ = {isa = PBXBuildFile; fileRef = E9F689A320178BE4002E2556 /* ComenzarSolicitudTarjetaViewController.m */; };
		E9F689A620178C14002E2556 /* ComenzarSolicitudTarjetaView.xib in Resources */ = {isa = PBXBuildFile; fileRef = E9F689A520178C14002E2556 /* ComenzarSolicitudTarjetaView.xib */; };
		E9F689A82017BE8B002E2556 /* SolicitudTarjeta.storyboard in Resources */ = {isa = PBXBuildFile; fileRef = E9F689A72017BE8B002E2556 /* SolicitudTarjeta.storyboard */; };
		E9F689AC2017C0B3002E2556 /* SolicitudTarjetaViewController.m in Sources */ = {isa = PBXBuildFile; fileRef = E9F689AB2017C0B3002E2556 /* SolicitudTarjetaViewController.m */; };
		E9F689AF2017C0E9002E2556 /* SolicitudTarjetaView.m in Sources */ = {isa = PBXBuildFile; fileRef = E9F689AE2017C0E9002E2556 /* SolicitudTarjetaView.m */; };
		E9F689B22017C109002E2556 /* SolicitudTarjetaView.xib in Resources */ = {isa = PBXBuildFile; fileRef = E9F689B12017C109002E2556 /* SolicitudTarjetaView.xib */; };
		E9FC55C32012276300DE0D91 /* TarjetaCreditoLatamPassView.xib in Resources */ = {isa = PBXBuildFile; fileRef = E9FC55C22012276300DE0D91 /* TarjetaCreditoLatamPassView.xib */; };
		E9FC55C620123D2400DE0D91 /* LoginPasoDosParentViewController.m in Sources */ = {isa = PBXBuildFile; fileRef = E9FC55C520123D2400DE0D91 /* LoginPasoDosParentViewController.m */; };
		E9FC55C82012602A00DE0D91 /* Flow2.storyboard in Resources */ = {isa = PBXBuildFile; fileRef = E9FC55C72012602A00DE0D91 /* Flow2.storyboard */; };
		E9FC55CC2012656900DE0D91 /* UsuarioLogeadoViewController.m in Sources */ = {isa = PBXBuildFile; fileRef = E9FC55CB2012656900DE0D91 /* UsuarioLogeadoViewController.m */; };
		E9FC55CF2012669700DE0D91 /* UserConOfertaViewController.m in Sources */ = {isa = PBXBuildFile; fileRef = E9FC55CE2012669700DE0D91 /* UserConOfertaViewController.m */; };
		E9FE1709201B93970092EB54 /* TextFieldViewController.m in Sources */ = {isa = PBXBuildFile; fileRef = E9FE1708201B93970092EB54 /* TextFieldViewController.m */; };
/* End PBXBuildFile section */

/* Begin PBXContainerItemProxy section */
		E9B553EC200E4D320038E5DB /* PBXContainerItemProxy */ = {
			isa = PBXContainerItemProxy;
			containerPortal = E9B553CA200E4D310038E5DB /* Project object */;
			proxyType = 1;
			remoteGlobalIDString = E9B553D1200E4D310038E5DB;
			remoteInfo = OaoApplication;
		};
		E9B553F7200E4D320038E5DB /* PBXContainerItemProxy */ = {
			isa = PBXContainerItemProxy;
			containerPortal = E9B553CA200E4D310038E5DB /* Project object */;
			proxyType = 1;
			remoteGlobalIDString = E9B553D1200E4D310038E5DB;
			remoteInfo = OaoApplication;
		};
/* End PBXContainerItemProxy section */

/* Begin PBXFileReference section */
		E9462E372018C36E0059FDEC /* SolicitudTarjetaDatosPersonalesViewController.h */ = {isa = PBXFileReference; fileEncoding = 4; lastKnownFileType = sourcecode.c.h; path = SolicitudTarjetaDatosPersonalesViewController.h; sourceTree = "<group>"; };
		E9462E382018C36E0059FDEC /* SolicitudTarjetaDatosPersonalesViewController.m */ = {isa = PBXFileReference; fileEncoding = 4; lastKnownFileType = sourcecode.c.objc; path = SolicitudTarjetaDatosPersonalesViewController.m; sourceTree = "<group>"; };
		E9462E3A2018C3A40059FDEC /* DatosPersonalesPasoUnoViewController.h */ = {isa = PBXFileReference; fileEncoding = 4; lastKnownFileType = sourcecode.c.h; path = DatosPersonalesPasoUnoViewController.h; sourceTree = "<group>"; };
		E9462E3B2018C3A40059FDEC /* DatosPersonalesPasoUnoViewController.m */ = {isa = PBXFileReference; fileEncoding = 4; lastKnownFileType = sourcecode.c.objc; path = DatosPersonalesPasoUnoViewController.m; sourceTree = "<group>"; };
		E9462E3D2018C4160059FDEC /* DatosPersonalesPasoUnoView.xib */ = {isa = PBXFileReference; fileEncoding = 4; lastKnownFileType = file.xib; path = DatosPersonalesPasoUnoView.xib; sourceTree = "<group>"; };
		E9631D992020C21200C6C1A4 /* DiagonalView.m */ = {isa = PBXFileReference; fileEncoding = 4; lastKnownFileType = sourcecode.c.objc; path = DiagonalView.m; sourceTree = "<group>"; };
		E9631D9A2020C21200C6C1A4 /* DiagonalView.h */ = {isa = PBXFileReference; fileEncoding = 4; lastKnownFileType = sourcecode.c.h; path = DiagonalView.h; sourceTree = "<group>"; };
		E9655E93200F84F3000E96AE /* LoginPasoDosView.h */ = {isa = PBXFileReference; fileEncoding = 4; lastKnownFileType = sourcecode.c.h; path = LoginPasoDosView.h; sourceTree = "<group>"; };
		E9655E94200F84F3000E96AE /* LoginPasoDosView.m */ = {isa = PBXFileReference; fileEncoding = 4; lastKnownFileType = sourcecode.c.objc; path = LoginPasoDosView.m; sourceTree = "<group>"; };
		E9655E96200F8813000E96AE /* LoginPasoDosView.xib */ = {isa = PBXFileReference; fileEncoding = 4; lastKnownFileType = file.xib; path = LoginPasoDosView.xib; sourceTree = "<group>"; };
		E9655E98200FA122000E96AE /* LoginPasoTresView.h */ = {isa = PBXFileReference; fileEncoding = 4; lastKnownFileType = sourcecode.c.h; path = LoginPasoTresView.h; sourceTree = "<group>"; };
		E9655E99200FA122000E96AE /* LoginPasoTresView.m */ = {isa = PBXFileReference; fileEncoding = 4; lastKnownFileType = sourcecode.c.objc; path = LoginPasoTresView.m; sourceTree = "<group>"; };
		E9655E9B200FA143000E96AE /* LoginPasoTresView.xib */ = {isa = PBXFileReference; fileEncoding = 4; lastKnownFileType = file.xib; path = LoginPasoTresView.xib; sourceTree = "<group>"; };
		E9B553D2200E4D310038E5DB /* OaoApplication.app */ = {isa = PBXFileReference; explicitFileType = wrapper.application; includeInIndex = 0; path = OaoApplication.app; sourceTree = BUILT_PRODUCTS_DIR; };
		E9B553D6200E4D310038E5DB /* main.m */ = {isa = PBXFileReference; lastKnownFileType = sourcecode.c.objc; path = main.m; sourceTree = "<group>"; };
		E9B553D8200E4D310038E5DB /* AppDelegate.h */ = {isa = PBXFileReference; lastKnownFileType = sourcecode.c.h; path = AppDelegate.h; sourceTree = "<group>"; };
		E9B553D9200E4D310038E5DB /* AppDelegate.m */ = {isa = PBXFileReference; lastKnownFileType = sourcecode.c.objc; path = AppDelegate.m; sourceTree = "<group>"; };
		E9B553DB200E4D310038E5DB /* ViewController.h */ = {isa = PBXFileReference; lastKnownFileType = sourcecode.c.h; path = ViewController.h; sourceTree = "<group>"; };
		E9B553DC200E4D310038E5DB /* ViewController.m */ = {isa = PBXFileReference; lastKnownFileType = sourcecode.c.objc; path = ViewController.m; sourceTree = "<group>"; };
		E9B553DF200E4D310038E5DB /* Base */ = {isa = PBXFileReference; lastKnownFileType = file.storyboard; name = Base; path = Base.lproj/Main.storyboard; sourceTree = "<group>"; };
		E9B553E1200E4D310038E5DB /* Assets.xcassets */ = {isa = PBXFileReference; lastKnownFileType = folder.assetcatalog; path = Assets.xcassets; sourceTree = "<group>"; };
		E9B553E4200E4D310038E5DB /* Base */ = {isa = PBXFileReference; lastKnownFileType = file.storyboard; name = Base; path = Base.lproj/LaunchScreen.storyboard; sourceTree = "<group>"; };
		E9B553E6200E4D310038E5DB /* Info.plist */ = {isa = PBXFileReference; lastKnownFileType = text.plist.xml; path = Info.plist; sourceTree = "<group>"; };
		E9B553EB200E4D320038E5DB /* OaoApplicationTests.xctest */ = {isa = PBXFileReference; explicitFileType = wrapper.cfbundle; includeInIndex = 0; path = OaoApplicationTests.xctest; sourceTree = BUILT_PRODUCTS_DIR; };
		E9B553EF200E4D320038E5DB /* OaoApplicationTests.m */ = {isa = PBXFileReference; lastKnownFileType = sourcecode.c.objc; path = OaoApplicationTests.m; sourceTree = "<group>"; };
		E9B553F1200E4D320038E5DB /* Info.plist */ = {isa = PBXFileReference; lastKnownFileType = text.plist.xml; path = Info.plist; sourceTree = "<group>"; };
		E9B553F6200E4D320038E5DB /* OaoApplicationUITests.xctest */ = {isa = PBXFileReference; explicitFileType = wrapper.cfbundle; includeInIndex = 0; path = OaoApplicationUITests.xctest; sourceTree = BUILT_PRODUCTS_DIR; };
		E9B553FA200E4D320038E5DB /* OaoApplicationUITests.m */ = {isa = PBXFileReference; lastKnownFileType = sourcecode.c.objc; path = OaoApplicationUITests.m; sourceTree = "<group>"; };
		E9B553FC200E4D320038E5DB /* Info.plist */ = {isa = PBXFileReference; lastKnownFileType = text.plist.xml; path = Info.plist; sourceTree = "<group>"; };
		E9B55408200E4EDC0038E5DB /* BaseParentStepsMultiplesViewsViewController.h */ = {isa = PBXFileReference; fileEncoding = 4; lastKnownFileType = sourcecode.c.h; path = BaseParentStepsMultiplesViewsViewController.h; sourceTree = "<group>"; };
		E9B55409200E4EDC0038E5DB /* BaseParentStepsMultiplesViewsViewController.m */ = {isa = PBXFileReference; fileEncoding = 4; lastKnownFileType = sourcecode.c.objc; path = BaseParentStepsMultiplesViewsViewController.m; sourceTree = "<group>"; };
		E9B5540C200E524E0038E5DB /* LoginViewController.h */ = {isa = PBXFileReference; fileEncoding = 4; lastKnownFileType = sourcecode.c.h; path = LoginViewController.h; sourceTree = "<group>"; };
		E9B5540D200E524E0038E5DB /* LoginViewController.m */ = {isa = PBXFileReference; fileEncoding = 4; lastKnownFileType = sourcecode.c.objc; path = LoginViewController.m; sourceTree = "<group>"; };
		E9B5540F200E54880038E5DB /* LoginPasoUnoView.h */ = {isa = PBXFileReference; fileEncoding = 4; lastKnownFileType = sourcecode.c.h; path = LoginPasoUnoView.h; sourceTree = "<group>"; };
		E9B55410200E54880038E5DB /* LoginPasoUnoView.m */ = {isa = PBXFileReference; fileEncoding = 4; lastKnownFileType = sourcecode.c.objc; path = LoginPasoUnoView.m; sourceTree = "<group>"; };
		E9B55414200E59E60038E5DB /* LoginPasoUnoView.xib */ = {isa = PBXFileReference; fileEncoding = 4; lastKnownFileType = file.xib; path = LoginPasoUnoView.xib; sourceTree = "<group>"; };
		E9B55416200E6FA30038E5DB /* BBVAPickerButtonView.h */ = {isa = PBXFileReference; fileEncoding = 4; lastKnownFileType = sourcecode.c.h; path = BBVAPickerButtonView.h; sourceTree = "<group>"; };
		E9B55417200E6FA30038E5DB /* BBVAPickerButtonView.m */ = {isa = PBXFileReference; fileEncoding = 4; lastKnownFileType = sourcecode.c.objc; path = BBVAPickerButtonView.m; sourceTree = "<group>"; };
		E9B5541F200E71C10038E5DB /* BBVAPickerButtonView.xib */ = {isa = PBXFileReference; fileEncoding = 4; lastKnownFileType = file.xib; path = BBVAPickerButtonView.xib; sourceTree = "<group>"; };
		E9B5542A200E7BA30038E5DB /* TipoDocumentoPickerView.xib */ = {isa = PBXFileReference; fileEncoding = 4; lastKnownFileType = file.xib; path = TipoDocumentoPickerView.xib; sourceTree = "<group>"; };
		E9D76852201F6633000E1107 /* ComponentTextFieldView.xib */ = {isa = PBXFileReference; fileEncoding = 4; lastKnownFileType = file.xib; path = ComponentTextFieldView.xib; sourceTree = "<group>"; };
		E9DD7132201623320007173E /* BeneficiosCollectionViewCell.xib */ = {isa = PBXFileReference; fileEncoding = 4; lastKnownFileType = file.xib; path = BeneficiosCollectionViewCell.xib; sourceTree = "<group>"; };
		E9DD71342016255F0007173E /* BeneficiosCollectionViewCell.h */ = {isa = PBXFileReference; fileEncoding = 4; lastKnownFileType = sourcecode.c.h; path = BeneficiosCollectionViewCell.h; sourceTree = "<group>"; };
		E9DD71352016255F0007173E /* BeneficiosCollectionViewCell.m */ = {isa = PBXFileReference; fileEncoding = 4; lastKnownFileType = sourcecode.c.objc; path = BeneficiosCollectionViewCell.m; sourceTree = "<group>"; };
		E9DD7137201669230007173E /* UsuarioLogeadoMensajeViewController.h */ = {isa = PBXFileReference; fileEncoding = 4; lastKnownFileType = sourcecode.c.h; path = UsuarioLogeadoMensajeViewController.h; sourceTree = "<group>"; };
		E9DD7138201669230007173E /* UsuarioLogeadoMensajeViewController.m */ = {isa = PBXFileReference; fileEncoding = 4; lastKnownFileType = sourcecode.c.objc; path = UsuarioLogeadoMensajeViewController.m; sourceTree = "<group>"; };
		E9DD713A201669780007173E /* UsuarioLogeadoMensajeView.xib */ = {isa = PBXFileReference; fileEncoding = 4; lastKnownFileType = file.xib; path = UsuarioLogeadoMensajeView.xib; sourceTree = "<group>"; };
		E9E402D52010D95B007ADB12 /* SalirModalViewController.h */ = {isa = PBXFileReference; fileEncoding = 4; lastKnownFileType = sourcecode.c.h; path = SalirModalViewController.h; sourceTree = "<group>"; };
		E9E402D62010D95B007ADB12 /* SalirModalViewController.m */ = {isa = PBXFileReference; fileEncoding = 4; lastKnownFileType = sourcecode.c.objc; path = SalirModalViewController.m; sourceTree = "<group>"; };
		E9EBC8F7201A08A400DB2F7F /* DatosPersonalesPasoDosViewController.h */ = {isa = PBXFileReference; fileEncoding = 4; lastKnownFileType = sourcecode.c.h; path = DatosPersonalesPasoDosViewController.h; sourceTree = "<group>"; };
		E9EBC8F8201A08A400DB2F7F /* DatosPersonalesPasoDosViewController.m */ = {isa = PBXFileReference; fileEncoding = 4; lastKnownFileType = sourcecode.c.objc; path = DatosPersonalesPasoDosViewController.m; sourceTree = "<group>"; };
		E9EBC8FA201A093900DB2F7F /* DatosPersonalesPasoDosView.xib */ = {isa = PBXFileReference; fileEncoding = 4; lastKnownFileType = file.xib; path = DatosPersonalesPasoDosView.xib; sourceTree = "<group>"; };
		E9EBC8FC201A151B00DB2F7F /* DatosPersonalesPasoTresViewController.h */ = {isa = PBXFileReference; fileEncoding = 4; lastKnownFileType = sourcecode.c.h; path = DatosPersonalesPasoTresViewController.h; sourceTree = "<group>"; };
		E9EBC8FD201A151B00DB2F7F /* DatosPersonalesPasoTresViewController.m */ = {isa = PBXFileReference; fileEncoding = 4; lastKnownFileType = sourcecode.c.objc; path = DatosPersonalesPasoTresViewController.m; sourceTree = "<group>"; };
		E9EBC8FF201A15F200DB2F7F /* DatosPersonalesPasoTresView.xib */ = {isa = PBXFileReference; fileEncoding = 4; lastKnownFileType = file.xib; path = DatosPersonalesPasoTresView.xib; sourceTree = "<group>"; };
		E9EBC906201A23A800DB2F7F /* ComponentDateViewController.h */ = {isa = PBXFileReference; fileEncoding = 4; lastKnownFileType = sourcecode.c.h; path = ComponentDateViewController.h; sourceTree = "<group>"; };
		E9EBC907201A23A800DB2F7F /* ComponentDateViewController.m */ = {isa = PBXFileReference; fileEncoding = 4; lastKnownFileType = sourcecode.c.objc; path = ComponentDateViewController.m; sourceTree = "<group>"; };
		E9EBC908201A23A800DB2F7F /* ComponentDateView.xib */ = {isa = PBXFileReference; fileEncoding = 4; lastKnownFileType = file.xib; path = ComponentDateView.xib; sourceTree = "<group>"; };
		E9EBC90C201A5BB100DB2F7F /* OaoWebView.h */ = {isa = PBXFileReference; fileEncoding = 4; lastKnownFileType = sourcecode.c.h; path = OaoWebView.h; sourceTree = "<group>"; };
		E9EBC90D201A5BB100DB2F7F /* OaoWebView.m */ = {isa = PBXFileReference; fileEncoding = 4; lastKnownFileType = sourcecode.c.objc; path = OaoWebView.m; sourceTree = "<group>"; };
		E9EBC90E201A5BB100DB2F7F /* OaoWebView.xib */ = {isa = PBXFileReference; fileEncoding = 4; lastKnownFileType = file.xib; path = OaoWebView.xib; sourceTree = "<group>"; };
		E9EBC911201A6C7700DB2F7F /* OptionPickerViewController.h */ = {isa = PBXFileReference; fileEncoding = 4; lastKnownFileType = sourcecode.c.h; path = OptionPickerViewController.h; sourceTree = "<group>"; };
		E9EBC912201A6C7700DB2F7F /* OptionPickerViewController.m */ = {isa = PBXFileReference; fileEncoding = 4; lastKnownFileType = sourcecode.c.objc; path = OptionPickerViewController.m; sourceTree = "<group>"; };
		E9EBC913201A6C7700DB2F7F /* OptionPickerViewController.xib */ = {isa = PBXFileReference; fileEncoding = 4; lastKnownFileType = file.xib; path = OptionPickerViewController.xib; sourceTree = "<group>"; };
		E9EBC914201A6C7700DB2F7F /* OptionPickerViewController+Utils.h */ = {isa = PBXFileReference; fileEncoding = 4; lastKnownFileType = sourcecode.c.h; path = "OptionPickerViewController+Utils.h"; sourceTree = "<group>"; };
		E9EBC915201A6C7700DB2F7F /* OptionPickerViewController+Utils.m */ = {isa = PBXFileReference; fileEncoding = 4; lastKnownFileType = sourcecode.c.objc; path = "OptionPickerViewController+Utils.m"; sourceTree = "<group>"; };
		E9EBC919201A8CA400DB2F7F /* UIColor+WalletColors.m */ = {isa = PBXFileReference; fileEncoding = 4; lastKnownFileType = sourcecode.c.objc; path = "UIColor+WalletColors.m"; sourceTree = "<group>"; };
		E9EBC91A201A8CA400DB2F7F /* UIColor+WalletColors.h */ = {isa = PBXFileReference; fileEncoding = 4; lastKnownFileType = sourcecode.c.h; path = "UIColor+WalletColors.h"; sourceTree = "<group>"; };
		E9EBC91B201A8CA400DB2F7F /* TipoDocumentosPickerView.h */ = {isa = PBXFileReference; fileEncoding = 4; lastKnownFileType = sourcecode.c.h; path = TipoDocumentosPickerView.h; sourceTree = "<group>"; };
		E9EBC91C201A8CA400DB2F7F /* TipoDocumentosPickerView.m */ = {isa = PBXFileReference; fileEncoding = 4; lastKnownFileType = sourcecode.c.objc; path = TipoDocumentosPickerView.m; sourceTree = "<group>"; };
		E9EBC91F201A8CA400DB2F7F /* Documento.m */ = {isa = PBXFileReference; fileEncoding = 4; lastKnownFileType = sourcecode.c.objc; path = Documento.m; sourceTree = "<group>"; };
		E9EBC920201A8CA400DB2F7F /* Documento.h */ = {isa = PBXFileReference; fileEncoding = 4; lastKnownFileType = sourcecode.c.h; path = Documento.h; sourceTree = "<group>"; };
		E9EBC921201A8CA400DB2F7F /* UIImage+WalletBundle.m */ = {isa = PBXFileReference; fileEncoding = 4; lastKnownFileType = sourcecode.c.objc; path = "UIImage+WalletBundle.m"; sourceTree = "<group>"; };
		E9EBC922201A8CA400DB2F7F /* UIImage+WalletBundle.h */ = {isa = PBXFileReference; fileEncoding = 4; lastKnownFileType = sourcecode.c.h; path = "UIImage+WalletBundle.h"; sourceTree = "<group>"; };
		E9F689A220178BE4002E2556 /* ComenzarSolicitudTarjetaViewController.h */ = {isa = PBXFileReference; fileEncoding = 4; lastKnownFileType = sourcecode.c.h; path = ComenzarSolicitudTarjetaViewController.h; sourceTree = "<group>"; };
		E9F689A320178BE4002E2556 /* ComenzarSolicitudTarjetaViewController.m */ = {isa = PBXFileReference; fileEncoding = 4; lastKnownFileType = sourcecode.c.objc; path = ComenzarSolicitudTarjetaViewController.m; sourceTree = "<group>"; };
		E9F689A520178C14002E2556 /* ComenzarSolicitudTarjetaView.xib */ = {isa = PBXFileReference; fileEncoding = 4; lastKnownFileType = file.xib; path = ComenzarSolicitudTarjetaView.xib; sourceTree = "<group>"; };
		E9F689A72017BE8B002E2556 /* SolicitudTarjeta.storyboard */ = {isa = PBXFileReference; fileEncoding = 4; lastKnownFileType = file.storyboard; path = SolicitudTarjeta.storyboard; sourceTree = "<group>"; };
		E9F689AA2017C0B3002E2556 /* SolicitudTarjetaViewController.h */ = {isa = PBXFileReference; fileEncoding = 4; lastKnownFileType = sourcecode.c.h; path = SolicitudTarjetaViewController.h; sourceTree = "<group>"; };
		E9F689AB2017C0B3002E2556 /* SolicitudTarjetaViewController.m */ = {isa = PBXFileReference; fileEncoding = 4; lastKnownFileType = sourcecode.c.objc; path = SolicitudTarjetaViewController.m; sourceTree = "<group>"; };
		E9F689AD2017C0E9002E2556 /* SolicitudTarjetaView.h */ = {isa = PBXFileReference; fileEncoding = 4; lastKnownFileType = sourcecode.c.h; path = SolicitudTarjetaView.h; sourceTree = "<group>"; };
		E9F689AE2017C0E9002E2556 /* SolicitudTarjetaView.m */ = {isa = PBXFileReference; fileEncoding = 4; lastKnownFileType = sourcecode.c.objc; path = SolicitudTarjetaView.m; sourceTree = "<group>"; };
		E9F689B12017C109002E2556 /* SolicitudTarjetaView.xib */ = {isa = PBXFileReference; fileEncoding = 4; lastKnownFileType = file.xib; path = SolicitudTarjetaView.xib; sourceTree = "<group>"; };
		E9FC55C22012276300DE0D91 /* TarjetaCreditoLatamPassView.xib */ = {isa = PBXFileReference; fileEncoding = 4; lastKnownFileType = file.xib; path = TarjetaCreditoLatamPassView.xib; sourceTree = "<group>"; };
		E9FC55C420123D2400DE0D91 /* LoginPasoDosParentViewController.h */ = {isa = PBXFileReference; fileEncoding = 4; lastKnownFileType = sourcecode.c.h; path = LoginPasoDosParentViewController.h; sourceTree = "<group>"; };
		E9FC55C520123D2400DE0D91 /* LoginPasoDosParentViewController.m */ = {isa = PBXFileReference; fileEncoding = 4; lastKnownFileType = sourcecode.c.objc; path = LoginPasoDosParentViewController.m; sourceTree = "<group>"; };
		E9FC55C72012602A00DE0D91 /* Flow2.storyboard */ = {isa = PBXFileReference; fileEncoding = 4; lastKnownFileType = file.storyboard; path = Flow2.storyboard; sourceTree = "<group>"; };
		E9FC55CA2012656900DE0D91 /* UsuarioLogeadoViewController.h */ = {isa = PBXFileReference; fileEncoding = 4; lastKnownFileType = sourcecode.c.h; path = UsuarioLogeadoViewController.h; sourceTree = "<group>"; };
		E9FC55CB2012656900DE0D91 /* UsuarioLogeadoViewController.m */ = {isa = PBXFileReference; fileEncoding = 4; lastKnownFileType = sourcecode.c.objc; path = UsuarioLogeadoViewController.m; sourceTree = "<group>"; };
		E9FC55CD2012669700DE0D91 /* UserConOfertaViewController.h */ = {isa = PBXFileReference; fileEncoding = 4; lastKnownFileType = sourcecode.c.h; path = UserConOfertaViewController.h; sourceTree = "<group>"; };
		E9FC55CE2012669700DE0D91 /* UserConOfertaViewController.m */ = {isa = PBXFileReference; fileEncoding = 4; lastKnownFileType = sourcecode.c.objc; path = UserConOfertaViewController.m; sourceTree = "<group>"; };
		E9FE1707201B93970092EB54 /* TextFieldViewController.h */ = {isa = PBXFileReference; fileEncoding = 4; lastKnownFileType = sourcecode.c.h; path = TextFieldViewController.h; sourceTree = "<group>"; };
		E9FE1708201B93970092EB54 /* TextFieldViewController.m */ = {isa = PBXFileReference; fileEncoding = 4; lastKnownFileType = sourcecode.c.objc; path = TextFieldViewController.m; sourceTree = "<group>"; };
/* End PBXFileReference section */

/* Begin PBXFrameworksBuildPhase section */
		E9B553CF200E4D310038E5DB /* Frameworks */ = {
			isa = PBXFrameworksBuildPhase;
			buildActionMask = 2147483647;
			files = (
			);
			runOnlyForDeploymentPostprocessing = 0;
		};
		E9B553E8200E4D320038E5DB /* Frameworks */ = {
			isa = PBXFrameworksBuildPhase;
			buildActionMask = 2147483647;
			files = (
			);
			runOnlyForDeploymentPostprocessing = 0;
		};
		E9B553F3200E4D320038E5DB /* Frameworks */ = {
			isa = PBXFrameworksBuildPhase;
			buildActionMask = 2147483647;
			files = (
			);
			runOnlyForDeploymentPostprocessing = 0;
		};
/* End PBXFrameworksBuildPhase section */

/* Begin PBXGroup section */
		E9631D9C2020C22F00C6C1A4 /* DiagonalView */ = {
			isa = PBXGroup;
			children = (
				E9631D992020C21200C6C1A4 /* DiagonalView.m */,
				E9631D9A2020C21200C6C1A4 /* DiagonalView.h */,
			);
			name = DiagonalView;
			sourceTree = "<group>";
		};
		E9B553C9200E4D310038E5DB = {
			isa = PBXGroup;
			children = (
				E9B553D4200E4D310038E5DB /* OaoApplication */,
				E9B553EE200E4D320038E5DB /* OaoApplicationTests */,
				E9B553F9200E4D320038E5DB /* OaoApplicationUITests */,
				E9B553D3200E4D310038E5DB /* Products */,
			);
			sourceTree = "<group>";
		};
		E9B553D3200E4D310038E5DB /* Products */ = {
			isa = PBXGroup;
			children = (
				E9B553D2200E4D310038E5DB /* OaoApplication.app */,
				E9B553EB200E4D320038E5DB /* OaoApplicationTests.xctest */,
				E9B553F6200E4D320038E5DB /* OaoApplicationUITests.xctest */,
			);
			name = Products;
			sourceTree = "<group>";
		};
		E9B553D4200E4D310038E5DB /* OaoApplication */ = {
			isa = PBXGroup;
			children = (
				E9F689A92017C099002E2556 /* SolicitudTarjeta */,
				E9FC55C92012652700DE0D91 /* UsuarioLogeado */,
				E9E402D42010D935007ADB12 /* Modals */,
				E9B5540B200E52290038E5DB /* Login */,
				E9B55412200E59AE0038E5DB /* Views */,
				E9B553D8200E4D310038E5DB /* AppDelegate.h */,
				E9B553D9200E4D310038E5DB /* AppDelegate.m */,
				E9B553DB200E4D310038E5DB /* ViewController.h */,
				E9B553DC200E4D310038E5DB /* ViewController.m */,
				E9B553DE200E4D310038E5DB /* Main.storyboard */,
				E9FC55C72012602A00DE0D91 /* Flow2.storyboard */,
				E9F689A72017BE8B002E2556 /* SolicitudTarjeta.storyboard */,
				E9B553E1200E4D310038E5DB /* Assets.xcassets */,
				E9B553E3200E4D310038E5DB /* LaunchScreen.storyboard */,
				E9B553E6200E4D310038E5DB /* Info.plist */,
				E9B553D5200E4D310038E5DB /* Supporting Files */,
				E9B55408200E4EDC0038E5DB /* BaseParentStepsMultiplesViewsViewController.h */,
				E9B55409200E4EDC0038E5DB /* BaseParentStepsMultiplesViewsViewController.m */,
				E9B55416200E6FA30038E5DB /* BBVAPickerButtonView.h */,
				E9B55417200E6FA30038E5DB /* BBVAPickerButtonView.m */,
				E9DD71342016255F0007173E /* BeneficiosCollectionViewCell.h */,
				E9DD71352016255F0007173E /* BeneficiosCollectionViewCell.m */,
				E9EBC90C201A5BB100DB2F7F /* OaoWebView.h */,
				E9EBC90D201A5BB100DB2F7F /* OaoWebView.m */,
				E9EBC90E201A5BB100DB2F7F /* OaoWebView.xib */,
				E9EBC919201A8CA400DB2F7F /* UIColor+WalletColors.m */,
				E9EBC91A201A8CA400DB2F7F /* UIColor+WalletColors.h */,
				E9EBC91B201A8CA400DB2F7F /* TipoDocumentosPickerView.h */,
				E9EBC91C201A8CA400DB2F7F /* TipoDocumentosPickerView.m */,
				E9EBC91F201A8CA400DB2F7F /* Documento.m */,
				E9EBC920201A8CA400DB2F7F /* Documento.h */,
				E9EBC921201A8CA400DB2F7F /* UIImage+WalletBundle.m */,
				E9EBC922201A8CA400DB2F7F /* UIImage+WalletBundle.h */,
			);
			path = OaoApplication;
			sourceTree = "<group>";
		};
		E9B553D5200E4D310038E5DB /* Supporting Files */ = {
			isa = PBXGroup;
			children = (
				E9B553D6200E4D310038E5DB /* main.m */,
			);
			name = "Supporting Files";
			sourceTree = "<group>";
		};
		E9B553EE200E4D320038E5DB /* OaoApplicationTests */ = {
			isa = PBXGroup;
			children = (
				E9B553EF200E4D320038E5DB /* OaoApplicationTests.m */,
				E9B553F1200E4D320038E5DB /* Info.plist */,
			);
			path = OaoApplicationTests;
			sourceTree = "<group>";
		};
		E9B553F9200E4D320038E5DB /* OaoApplicationUITests */ = {
			isa = PBXGroup;
			children = (
				E9B553FA200E4D320038E5DB /* OaoApplicationUITests.m */,
				E9B553FC200E4D320038E5DB /* Info.plist */,
			);
			path = OaoApplicationUITests;
			sourceTree = "<group>";
		};
		E9B5540B200E52290038E5DB /* Login */ = {
			isa = PBXGroup;
			children = (
				E9B5540C200E524E0038E5DB /* LoginViewController.h */,
				E9B5540D200E524E0038E5DB /* LoginViewController.m */,
				E9B5540F200E54880038E5DB /* LoginPasoUnoView.h */,
				E9B55410200E54880038E5DB /* LoginPasoUnoView.m */,
				E9FC55C420123D2400DE0D91 /* LoginPasoDosParentViewController.h */,
				E9FC55C520123D2400DE0D91 /* LoginPasoDosParentViewController.m */,
				E9655E93200F84F3000E96AE /* LoginPasoDosView.h */,
				E9655E94200F84F3000E96AE /* LoginPasoDosView.m */,
				E9655E98200FA122000E96AE /* LoginPasoTresView.h */,
				E9655E99200FA122000E96AE /* LoginPasoTresView.m */,
			);
			name = Login;
			sourceTree = "<group>";
		};
		E9B55412200E59AE0038E5DB /* Views */ = {
			isa = PBXGroup;
			children = (
				E9631D9C2020C22F00C6C1A4 /* DiagonalView */,
				E9FE1706201B93160092EB54 /* ComponentTextField */,
				E9FE1705201B7A750092EB54 /* ComponentOptionPicker */,
				E9EBC90B201A23C000DB2F7F /* ComponentDate */,
				E9F689B02017C0F5002E2556 /* SolicitudTarjeta */,
				E9DD7131201622F50007173E /* CollectionView */,
				E9FC55C12012275500DE0D91 /* Flow 2 */,
				E9B55413200E59C00038E5DB /* Login */,
				E9B5541F200E71C10038E5DB /* BBVAPickerButtonView.xib */,
				E9B5542A200E7BA30038E5DB /* TipoDocumentoPickerView.xib */,
			);
			name = Views;
			sourceTree = "<group>";
		};
		E9B55413200E59C00038E5DB /* Login */ = {
			isa = PBXGroup;
			children = (
				E9B55414200E59E60038E5DB /* LoginPasoUnoView.xib */,
				E9655E96200F8813000E96AE /* LoginPasoDosView.xib */,
				E9655E9B200FA143000E96AE /* LoginPasoTresView.xib */,
			);
			name = Login;
			sourceTree = "<group>";
		};
		E9DD7131201622F50007173E /* CollectionView */ = {
			isa = PBXGroup;
			children = (
				E9DD7132201623320007173E /* BeneficiosCollectionViewCell.xib */,
			);
			name = CollectionView;
			sourceTree = "<group>";
		};
		E9E402D42010D935007ADB12 /* Modals */ = {
			isa = PBXGroup;
			children = (
				E9E402D52010D95B007ADB12 /* SalirModalViewController.h */,
				E9E402D62010D95B007ADB12 /* SalirModalViewController.m */,
			);
			name = Modals;
			sourceTree = "<group>";
		};
		E9EBC90B201A23C000DB2F7F /* ComponentDate */ = {
			isa = PBXGroup;
			children = (
				E9EBC906201A23A800DB2F7F /* ComponentDateViewController.h */,
				E9EBC907201A23A800DB2F7F /* ComponentDateViewController.m */,
				E9EBC908201A23A800DB2F7F /* ComponentDateView.xib */,
			);
			name = ComponentDate;
			sourceTree = "<group>";
		};
		E9F689A92017C099002E2556 /* SolicitudTarjeta */ = {
			isa = PBXGroup;
			children = (
				E9F689AA2017C0B3002E2556 /* SolicitudTarjetaViewController.h */,
				E9F689AB2017C0B3002E2556 /* SolicitudTarjetaViewController.m */,
				E9F689AD2017C0E9002E2556 /* SolicitudTarjetaView.h */,
				E9F689AE2017C0E9002E2556 /* SolicitudTarjetaView.m */,
				E9462E372018C36E0059FDEC /* SolicitudTarjetaDatosPersonalesViewController.h */,
				E9462E382018C36E0059FDEC /* SolicitudTarjetaDatosPersonalesViewController.m */,
				E9462E3A2018C3A40059FDEC /* DatosPersonalesPasoUnoViewController.h */,
				E9462E3B2018C3A40059FDEC /* DatosPersonalesPasoUnoViewController.m */,
				E9EBC8F7201A08A400DB2F7F /* DatosPersonalesPasoDosViewController.h */,
				E9EBC8F8201A08A400DB2F7F /* DatosPersonalesPasoDosViewController.m */,
				E9EBC8FC201A151B00DB2F7F /* DatosPersonalesPasoTresViewController.h */,
				E9EBC8FD201A151B00DB2F7F /* DatosPersonalesPasoTresViewController.m */,
			);
			name = SolicitudTarjeta;
			sourceTree = "<group>";
		};
		E9F689B02017C0F5002E2556 /* SolicitudTarjeta */ = {
			isa = PBXGroup;
			children = (
				E9F689B12017C109002E2556 /* SolicitudTarjetaView.xib */,
				E9462E3D2018C4160059FDEC /* DatosPersonalesPasoUnoView.xib */,
				E9EBC8FA201A093900DB2F7F /* DatosPersonalesPasoDosView.xib */,
				E9EBC8FF201A15F200DB2F7F /* DatosPersonalesPasoTresView.xib */,
			);
			name = SolicitudTarjeta;
			sourceTree = "<group>";
		};
		E9FC55C12012275500DE0D91 /* Flow 2 */ = {
			isa = PBXGroup;
			children = (
				E9FC55C22012276300DE0D91 /* TarjetaCreditoLatamPassView.xib */,
				E9DD713A201669780007173E /* UsuarioLogeadoMensajeView.xib */,
				E9F689A520178C14002E2556 /* ComenzarSolicitudTarjetaView.xib */,
			);
			name = "Flow 2";
			sourceTree = "<group>";
		};
		E9FC55C92012652700DE0D91 /* UsuarioLogeado */ = {
			isa = PBXGroup;
			children = (
				E9FC55CA2012656900DE0D91 /* UsuarioLogeadoViewController.h */,
				E9FC55CB2012656900DE0D91 /* UsuarioLogeadoViewController.m */,
				E9FC55CD2012669700DE0D91 /* UserConOfertaViewController.h */,
				E9FC55CE2012669700DE0D91 /* UserConOfertaViewController.m */,
				E9DD7137201669230007173E /* UsuarioLogeadoMensajeViewController.h */,
				E9DD7138201669230007173E /* UsuarioLogeadoMensajeViewController.m */,
				E9F689A220178BE4002E2556 /* ComenzarSolicitudTarjetaViewController.h */,
				E9F689A320178BE4002E2556 /* ComenzarSolicitudTarjetaViewController.m */,
			);
			name = UsuarioLogeado;
			sourceTree = "<group>";
		};
		E9FE1705201B7A750092EB54 /* ComponentOptionPicker */ = {
			isa = PBXGroup;
			children = (
				E9EBC911201A6C7700DB2F7F /* OptionPickerViewController.h */,
				E9EBC912201A6C7700DB2F7F /* OptionPickerViewController.m */,
				E9EBC913201A6C7700DB2F7F /* OptionPickerViewController.xib */,
				E9EBC914201A6C7700DB2F7F /* OptionPickerViewController+Utils.h */,
				E9EBC915201A6C7700DB2F7F /* OptionPickerViewController+Utils.m */,
			);
			name = ComponentOptionPicker;
			sourceTree = "<group>";
		};
		E9FE1706201B93160092EB54 /* ComponentTextField */ = {
			isa = PBXGroup;
			children = (
				E9FE1707201B93970092EB54 /* TextFieldViewController.h */,
				E9FE1708201B93970092EB54 /* TextFieldViewController.m */,
				E9D76852201F6633000E1107 /* ComponentTextFieldView.xib */,
			);
			name = ComponentTextField;
			sourceTree = "<group>";
		};
/* End PBXGroup section */

/* Begin PBXNativeTarget section */
		E9B553D1200E4D310038E5DB /* OaoApplication */ = {
			isa = PBXNativeTarget;
			buildConfigurationList = E9B553FF200E4D320038E5DB /* Build configuration list for PBXNativeTarget "OaoApplication" */;
			buildPhases = (
				E9B553CE200E4D310038E5DB /* Sources */,
				E9B553CF200E4D310038E5DB /* Frameworks */,
				E9B553D0200E4D310038E5DB /* Resources */,
			);
			buildRules = (
			);
			dependencies = (
			);
			name = OaoApplication;
			productName = OaoApplication;
			productReference = E9B553D2200E4D310038E5DB /* OaoApplication.app */;
			productType = "com.apple.product-type.application";
		};
		E9B553EA200E4D320038E5DB /* OaoApplicationTests */ = {
			isa = PBXNativeTarget;
			buildConfigurationList = E9B55402200E4D320038E5DB /* Build configuration list for PBXNativeTarget "OaoApplicationTests" */;
			buildPhases = (
				E9B553E7200E4D320038E5DB /* Sources */,
				E9B553E8200E4D320038E5DB /* Frameworks */,
				E9B553E9200E4D320038E5DB /* Resources */,
			);
			buildRules = (
			);
			dependencies = (
				E9B553ED200E4D320038E5DB /* PBXTargetDependency */,
			);
			name = OaoApplicationTests;
			productName = OaoApplicationTests;
			productReference = E9B553EB200E4D320038E5DB /* OaoApplicationTests.xctest */;
			productType = "com.apple.product-type.bundle.unit-test";
		};
		E9B553F5200E4D320038E5DB /* OaoApplicationUITests */ = {
			isa = PBXNativeTarget;
			buildConfigurationList = E9B55405200E4D320038E5DB /* Build configuration list for PBXNativeTarget "OaoApplicationUITests" */;
			buildPhases = (
				E9B553F2200E4D320038E5DB /* Sources */,
				E9B553F3200E4D320038E5DB /* Frameworks */,
				E9B553F4200E4D320038E5DB /* Resources */,
			);
			buildRules = (
			);
			dependencies = (
				E9B553F8200E4D320038E5DB /* PBXTargetDependency */,
			);
			name = OaoApplicationUITests;
			productName = OaoApplicationUITests;
			productReference = E9B553F6200E4D320038E5DB /* OaoApplicationUITests.xctest */;
			productType = "com.apple.product-type.bundle.ui-testing";
		};
/* End PBXNativeTarget section */

/* Begin PBXProject section */
		E9B553CA200E4D310038E5DB /* Project object */ = {
			isa = PBXProject;
			attributes = {
				LastUpgradeCheck = 0830;
				ORGANIZATIONNAME = "Desarrollo AWS";
				TargetAttributes = {
					E9B553D1200E4D310038E5DB = {
						CreatedOnToolsVersion = 8.3.3;
						DevelopmentTeam = 3Z685R25BD;
						ProvisioningStyle = Automatic;
					};
					E9B553EA200E4D320038E5DB = {
						CreatedOnToolsVersion = 8.3.3;
						DevelopmentTeam = 3Z685R25BD;
						ProvisioningStyle = Automatic;
						TestTargetID = E9B553D1200E4D310038E5DB;
					};
					E9B553F5200E4D320038E5DB = {
						CreatedOnToolsVersion = 8.3.3;
						DevelopmentTeam = 3Z685R25BD;
						ProvisioningStyle = Automatic;
						TestTargetID = E9B553D1200E4D310038E5DB;
					};
				};
			};
			buildConfigurationList = E9B553CD200E4D310038E5DB /* Build configuration list for PBXProject "OaoApplication" */;
			compatibilityVersion = "Xcode 3.2";
			developmentRegion = English;
			hasScannedForEncodings = 0;
			knownRegions = (
				en,
				Base,
			);
			mainGroup = E9B553C9200E4D310038E5DB;
			productRefGroup = E9B553D3200E4D310038E5DB /* Products */;
			projectDirPath = "";
			projectRoot = "";
			targets = (
				E9B553D1200E4D310038E5DB /* OaoApplication */,
				E9B553EA200E4D320038E5DB /* OaoApplicationTests */,
				E9B553F5200E4D320038E5DB /* OaoApplicationUITests */,
			);
		};
/* End PBXProject section */

/* Begin PBXResourcesBuildPhase section */
		E9B553D0200E4D310038E5DB /* Resources */ = {
			isa = PBXResourcesBuildPhase;
			buildActionMask = 2147483647;
			files = (
				E9EBC917201A6C7700DB2F7F /* OptionPickerViewController.xib in Resources */,
				E9B553E5200E4D310038E5DB /* LaunchScreen.storyboard in Resources */,
				E9B553E2200E4D310038E5DB /* Assets.xcassets in Resources */,
				E9EBC90A201A23A800DB2F7F /* ComponentDateView.xib in Resources */,
				E9B55420200E71C10038E5DB /* BBVAPickerButtonView.xib in Resources */,
				E9F689A620178C14002E2556 /* ComenzarSolicitudTarjetaView.xib in Resources */,
				E9DD713B201669780007173E /* UsuarioLogeadoMensajeView.xib in Resources */,
				E9EBC8FB201A093900DB2F7F /* DatosPersonalesPasoDosView.xib in Resources */,
				E9EBC910201A5BB100DB2F7F /* OaoWebView.xib in Resources */,
				E9655E9C200FA143000E96AE /* LoginPasoTresView.xib in Resources */,
				E9462E3E2018C4160059FDEC /* DatosPersonalesPasoUnoView.xib in Resources */,
				E9B5542B200E7BA30038E5DB /* TipoDocumentoPickerView.xib in Resources */,
				E9FC55C82012602A00DE0D91 /* Flow2.storyboard in Resources */,
				E9F689A82017BE8B002E2556 /* SolicitudTarjeta.storyboard in Resources */,
				E9D76853201F6633000E1107 /* ComponentTextFieldView.xib in Resources */,
				E9FC55C32012276300DE0D91 /* TarjetaCreditoLatamPassView.xib in Resources */,
				E9EBC900201A15F200DB2F7F /* DatosPersonalesPasoTresView.xib in Resources */,
				E9B55415200E59E60038E5DB /* LoginPasoUnoView.xib in Resources */,
				E9B553E0200E4D310038E5DB /* Main.storyboard in Resources */,
				E9DD7133201623320007173E /* BeneficiosCollectionViewCell.xib in Resources */,
				E9655E97200F8813000E96AE /* LoginPasoDosView.xib in Resources */,
				E9F689B22017C109002E2556 /* SolicitudTarjetaView.xib in Resources */,
			);
			runOnlyForDeploymentPostprocessing = 0;
		};
		E9B553E9200E4D320038E5DB /* Resources */ = {
			isa = PBXResourcesBuildPhase;
			buildActionMask = 2147483647;
			files = (
			);
			runOnlyForDeploymentPostprocessing = 0;
		};
		E9B553F4200E4D320038E5DB /* Resources */ = {
			isa = PBXResourcesBuildPhase;
			buildActionMask = 2147483647;
			files = (
			);
			runOnlyForDeploymentPostprocessing = 0;
		};
/* End PBXResourcesBuildPhase section */

/* Begin PBXSourcesBuildPhase section */
		E9B553CE200E4D310038E5DB /* Sources */ = {
			isa = PBXSourcesBuildPhase;
			buildActionMask = 2147483647;
			files = (
				E9EBC8F9201A08A400DB2F7F /* DatosPersonalesPasoDosViewController.m in Sources */,
				E9EBC8FE201A151B00DB2F7F /* DatosPersonalesPasoTresViewController.m in Sources */,
				E9DD7139201669230007173E /* UsuarioLogeadoMensajeViewController.m in Sources */,
				E9631D9B2020C21200C6C1A4 /* DiagonalView.m in Sources */,
				E9E402D72010D95B007ADB12 /* SalirModalViewController.m in Sources */,
				E9B5540A200E4EDC0038E5DB /* BaseParentStepsMultiplesViewsViewController.m in Sources */,
				E9462E3C2018C3A40059FDEC /* DatosPersonalesPasoUnoViewController.m in Sources */,
				E9B553DD200E4D310038E5DB /* ViewController.m in Sources */,
				E9B55411200E54880038E5DB /* LoginPasoUnoView.m in Sources */,
				E9FC55CF2012669700DE0D91 /* UserConOfertaViewController.m in Sources */,
				E9FC55C620123D2400DE0D91 /* LoginPasoDosParentViewController.m in Sources */,
				E9F689AF2017C0E9002E2556 /* SolicitudTarjetaView.m in Sources */,
				E9FE1709201B93970092EB54 /* TextFieldViewController.m in Sources */,
				E9EBC916201A6C7700DB2F7F /* OptionPickerViewController.m in Sources */,
				E9F689AC2017C0B3002E2556 /* SolicitudTarjetaViewController.m in Sources */,
				E9EBC918201A6C7700DB2F7F /* OptionPickerViewController+Utils.m in Sources */,
				E9B553DA200E4D310038E5DB /* AppDelegate.m in Sources */,
				E9EBC924201A8CA400DB2F7F /* TipoDocumentosPickerView.m in Sources */,
				E9B553D7200E4D310038E5DB /* main.m in Sources */,
				E9B55418200E6FA30038E5DB /* BBVAPickerButtonView.m in Sources */,
				E9462E392018C36E0059FDEC /* SolicitudTarjetaDatosPersonalesViewController.m in Sources */,
				E9FC55CC2012656900DE0D91 /* UsuarioLogeadoViewController.m in Sources */,
				E9EBC923201A8CA400DB2F7F /* UIColor+WalletColors.m in Sources */,
				E9655E9A200FA122000E96AE /* LoginPasoTresView.m in Sources */,
				E9B5540E200E524E0038E5DB /* LoginViewController.m in Sources */,
				E9EBC926201A8CA400DB2F7F /* Documento.m in Sources */,
				E9EBC927201A8CA400DB2F7F /* UIImage+WalletBundle.m in Sources */,
				E9F689A420178BE4002E2556 /* ComenzarSolicitudTarjetaViewController.m in Sources */,
				E9DD7136201625600007173E /* BeneficiosCollectionViewCell.m in Sources */,
				E9EBC909201A23A800DB2F7F /* ComponentDateViewController.m in Sources */,
				E9655E95200F84F3000E96AE /* LoginPasoDosView.m in Sources */,
				E9EBC90F201A5BB100DB2F7F /* OaoWebView.m in Sources */,
			);
			runOnlyForDeploymentPostprocessing = 0;
		};
		E9B553E7200E4D320038E5DB /* Sources */ = {
			isa = PBXSourcesBuildPhase;
			buildActionMask = 2147483647;
			files = (
				E9B553F0200E4D320038E5DB /* OaoApplicationTests.m in Sources */,
			);
			runOnlyForDeploymentPostprocessing = 0;
		};
		E9B553F2200E4D320038E5DB /* Sources */ = {
			isa = PBXSourcesBuildPhase;
			buildActionMask = 2147483647;
			files = (
				E9B553FB200E4D320038E5DB /* OaoApplicationUITests.m in Sources */,
			);
			runOnlyForDeploymentPostprocessing = 0;
		};
/* End PBXSourcesBuildPhase section */

/* Begin PBXTargetDependency section */
		E9B553ED200E4D320038E5DB /* PBXTargetDependency */ = {
			isa = PBXTargetDependency;
			target = E9B553D1200E4D310038E5DB /* OaoApplication */;
			targetProxy = E9B553EC200E4D320038E5DB /* PBXContainerItemProxy */;
		};
		E9B553F8200E4D320038E5DB /* PBXTargetDependency */ = {
			isa = PBXTargetDependency;
			target = E9B553D1200E4D310038E5DB /* OaoApplication */;
			targetProxy = E9B553F7200E4D320038E5DB /* PBXContainerItemProxy */;
		};
/* End PBXTargetDependency section */

/* Begin PBXVariantGroup section */
		E9B553DE200E4D310038E5DB /* Main.storyboard */ = {
			isa = PBXVariantGroup;
			children = (
				E9B553DF200E4D310038E5DB /* Base */,
			);
			name = Main.storyboard;
			sourceTree = "<group>";
		};
		E9B553E3200E4D310038E5DB /* LaunchScreen.storyboard */ = {
			isa = PBXVariantGroup;
			children = (
				E9B553E4200E4D310038E5DB /* Base */,
			);
			name = LaunchScreen.storyboard;
			sourceTree = "<group>";
		};
/* End PBXVariantGroup section */

/* Begin XCBuildConfiguration section */
		E9B553FD200E4D320038E5DB /* Debug */ = {
			isa = XCBuildConfiguration;
			buildSettings = {
				ALWAYS_SEARCH_USER_PATHS = NO;
				CLANG_ANALYZER_NONNULL = YES;
				CLANG_ANALYZER_NUMBER_OBJECT_CONVERSION = YES_AGGRESSIVE;
				CLANG_CXX_LANGUAGE_STANDARD = "gnu++0x";
				CLANG_CXX_LIBRARY = "libc++";
				CLANG_ENABLE_MODULES = YES;
				CLANG_ENABLE_OBJC_ARC = YES;
				CLANG_WARN_BOOL_CONVERSION = YES;
				CLANG_WARN_CONSTANT_CONVERSION = YES;
				CLANG_WARN_DIRECT_OBJC_ISA_USAGE = YES_ERROR;
				CLANG_WARN_DOCUMENTATION_COMMENTS = YES;
				CLANG_WARN_EMPTY_BODY = YES;
				CLANG_WARN_ENUM_CONVERSION = YES;
				CLANG_WARN_INFINITE_RECURSION = YES;
				CLANG_WARN_INT_CONVERSION = YES;
				CLANG_WARN_OBJC_ROOT_CLASS = YES_ERROR;
				CLANG_WARN_SUSPICIOUS_MOVE = YES;
				CLANG_WARN_UNREACHABLE_CODE = YES;
				CLANG_WARN__DUPLICATE_METHOD_MATCH = YES;
				"CODE_SIGN_IDENTITY[sdk=iphoneos*]" = "iPhone Developer";
				COPY_PHASE_STRIP = NO;
				DEBUG_INFORMATION_FORMAT = dwarf;
				ENABLE_STRICT_OBJC_MSGSEND = YES;
				ENABLE_TESTABILITY = YES;
				GCC_C_LANGUAGE_STANDARD = gnu99;
				GCC_DYNAMIC_NO_PIC = NO;
				GCC_NO_COMMON_BLOCKS = YES;
				GCC_OPTIMIZATION_LEVEL = 0;
				GCC_PREPROCESSOR_DEFINITIONS = (
					"DEBUG=1",
					"$(inherited)",
				);
				GCC_WARN_64_TO_32_BIT_CONVERSION = YES;
				GCC_WARN_ABOUT_RETURN_TYPE = YES_ERROR;
				GCC_WARN_UNDECLARED_SELECTOR = YES;
				GCC_WARN_UNINITIALIZED_AUTOS = YES_AGGRESSIVE;
				GCC_WARN_UNUSED_FUNCTION = YES;
				GCC_WARN_UNUSED_VARIABLE = YES;
				IPHONEOS_DEPLOYMENT_TARGET = 10.3;
				MTL_ENABLE_DEBUG_INFO = YES;
				ONLY_ACTIVE_ARCH = YES;
				SDKROOT = iphoneos;
				TARGETED_DEVICE_FAMILY = "1,2";
			};
			name = Debug;
		};
		E9B553FE200E4D320038E5DB /* Release */ = {
			isa = XCBuildConfiguration;
			buildSettings = {
				ALWAYS_SEARCH_USER_PATHS = NO;
				CLANG_ANALYZER_NONNULL = YES;
				CLANG_ANALYZER_NUMBER_OBJECT_CONVERSION = YES_AGGRESSIVE;
				CLANG_CXX_LANGUAGE_STANDARD = "gnu++0x";
				CLANG_CXX_LIBRARY = "libc++";
				CLANG_ENABLE_MODULES = YES;
				CLANG_ENABLE_OBJC_ARC = YES;
				CLANG_WARN_BOOL_CONVERSION = YES;
				CLANG_WARN_CONSTANT_CONVERSION = YES;
				CLANG_WARN_DIRECT_OBJC_ISA_USAGE = YES_ERROR;
				CLANG_WARN_DOCUMENTATION_COMMENTS = YES;
				CLANG_WARN_EMPTY_BODY = YES;
				CLANG_WARN_ENUM_CONVERSION = YES;
				CLANG_WARN_INFINITE_RECURSION = YES;
				CLANG_WARN_INT_CONVERSION = YES;
				CLANG_WARN_OBJC_ROOT_CLASS = YES_ERROR;
				CLANG_WARN_SUSPICIOUS_MOVE = YES;
				CLANG_WARN_UNREACHABLE_CODE = YES;
				CLANG_WARN__DUPLICATE_METHOD_MATCH = YES;
				"CODE_SIGN_IDENTITY[sdk=iphoneos*]" = "iPhone Developer";
				COPY_PHASE_STRIP = NO;
				DEBUG_INFORMATION_FORMAT = "dwarf-with-dsym";
				ENABLE_NS_ASSERTIONS = NO;
				ENABLE_STRICT_OBJC_MSGSEND = YES;
				GCC_C_LANGUAGE_STANDARD = gnu99;
				GCC_NO_COMMON_BLOCKS = YES;
				GCC_WARN_64_TO_32_BIT_CONVERSION = YES;
				GCC_WARN_ABOUT_RETURN_TYPE = YES_ERROR;
				GCC_WARN_UNDECLARED_SELECTOR = YES;
				GCC_WARN_UNINITIALIZED_AUTOS = YES_AGGRESSIVE;
				GCC_WARN_UNUSED_FUNCTION = YES;
				GCC_WARN_UNUSED_VARIABLE = YES;
				IPHONEOS_DEPLOYMENT_TARGET = 10.3;
				MTL_ENABLE_DEBUG_INFO = NO;
				SDKROOT = iphoneos;
				TARGETED_DEVICE_FAMILY = "1,2";
				VALIDATE_PRODUCT = YES;
			};
			name = Release;
		};
		E9B55400200E4D320038E5DB /* Debug */ = {
			isa = XCBuildConfiguration;
			buildSettings = {
				ASSETCATALOG_COMPILER_APPICON_NAME = AppIcon;
				DEVELOPMENT_TEAM = 3Z685R25BD;
				INFOPLIST_FILE = OaoApplication/Info.plist;
				LD_RUNPATH_SEARCH_PATHS = "$(inherited) @executable_path/Frameworks";
				PRODUCT_BUNDLE_IDENTIFIER = awsoftware.OaoApplication;
				PRODUCT_NAME = "$(TARGET_NAME)";
			};
			name = Debug;
		};
		E9B55401200E4D320038E5DB /* Release */ = {
			isa = XCBuildConfiguration;
			buildSettings = {
				ASSETCATALOG_COMPILER_APPICON_NAME = AppIcon;
				DEVELOPMENT_TEAM = 3Z685R25BD;
				INFOPLIST_FILE = OaoApplication/Info.plist;
				LD_RUNPATH_SEARCH_PATHS = "$(inherited) @executable_path/Frameworks";
				PRODUCT_BUNDLE_IDENTIFIER = awsoftware.OaoApplication;
				PRODUCT_NAME = "$(TARGET_NAME)";
			};
			name = Release;
		};
		E9B55403200E4D320038E5DB /* Debug */ = {
			isa = XCBuildConfiguration;
			buildSettings = {
				BUNDLE_LOADER = "$(TEST_HOST)";
				DEVELOPMENT_TEAM = 3Z685R25BD;
				INFOPLIST_FILE = OaoApplicationTests/Info.plist;
				LD_RUNPATH_SEARCH_PATHS = "$(inherited) @executable_path/Frameworks @loader_path/Frameworks";
				PRODUCT_BUNDLE_IDENTIFIER = awsoftware.OaoApplicationTests;
				PRODUCT_NAME = "$(TARGET_NAME)";
				TEST_HOST = "$(BUILT_PRODUCTS_DIR)/OaoApplication.app/OaoApplication";
			};
			name = Debug;
		};
		E9B55404200E4D320038E5DB /* Release */ = {
			isa = XCBuildConfiguration;
			buildSettings = {
				BUNDLE_LOADER = "$(TEST_HOST)";
				DEVELOPMENT_TEAM = 3Z685R25BD;
				INFOPLIST_FILE = OaoApplicationTests/Info.plist;
				LD_RUNPATH_SEARCH_PATHS = "$(inherited) @executable_path/Frameworks @loader_path/Frameworks";
				PRODUCT_BUNDLE_IDENTIFIER = awsoftware.OaoApplicationTests;
				PRODUCT_NAME = "$(TARGET_NAME)";
				TEST_HOST = "$(BUILT_PRODUCTS_DIR)/OaoApplication.app/OaoApplication";
			};
			name = Release;
		};
		E9B55406200E4D320038E5DB /* Debug */ = {
			isa = XCBuildConfiguration;
			buildSettings = {
				DEVELOPMENT_TEAM = 3Z685R25BD;
				INFOPLIST_FILE = OaoApplicationUITests/Info.plist;
				LD_RUNPATH_SEARCH_PATHS = "$(inherited) @executable_path/Frameworks @loader_path/Frameworks";
				PRODUCT_BUNDLE_IDENTIFIER = awsoftware.OaoApplicationUITests;
				PRODUCT_NAME = "$(TARGET_NAME)";
				TEST_TARGET_NAME = OaoApplication;
			};
			name = Debug;
		};
		E9B55407200E4D320038E5DB /* Release */ = {
			isa = XCBuildConfiguration;
			buildSettings = {
				DEVELOPMENT_TEAM = 3Z685R25BD;
				INFOPLIST_FILE = OaoApplicationUITests/Info.plist;
				LD_RUNPATH_SEARCH_PATHS = "$(inherited) @executable_path/Frameworks @loader_path/Frameworks";
				PRODUCT_BUNDLE_IDENTIFIER = awsoftware.OaoApplicationUITests;
				PRODUCT_NAME = "$(TARGET_NAME)";
				TEST_TARGET_NAME = OaoApplication;
			};
			name = Release;
		};
/* End XCBuildConfiguration section */

/* Begin XCConfigurationList section */
		E9B553CD200E4D310038E5DB /* Build configuration list for PBXProject "OaoApplication" */ = {
			isa = XCConfigurationList;
			buildConfigurations = (
				E9B553FD200E4D320038E5DB /* Debug */,
				E9B553FE200E4D320038E5DB /* Release */,
			);
			defaultConfigurationIsVisible = 0;
			defaultConfigurationName = Release;
		};
		E9B553FF200E4D320038E5DB /* Build configuration list for PBXNativeTarget "OaoApplication" */ = {
			isa = XCConfigurationList;
			buildConfigurations = (
				E9B55400200E4D320038E5DB /* Debug */,
				E9B55401200E4D320038E5DB /* Release */,
			);
			defaultConfigurationIsVisible = 0;
			defaultConfigurationName = Release;
		};
		E9B55402200E4D320038E5DB /* Build configuration list for PBXNativeTarget "OaoApplicationTests" */ = {
			isa = XCConfigurationList;
			buildConfigurations = (
				E9B55403200E4D320038E5DB /* Debug */,
				E9B55404200E4D320038E5DB /* Release */,
			);
			defaultConfigurationIsVisible = 0;
			defaultConfigurationName = Release;
		};
		E9B55405200E4D320038E5DB /* Build configuration list for PBXNativeTarget "OaoApplicationUITests" */ = {
			isa = XCConfigurationList;
			buildConfigurations = (
				E9B55406200E4D320038E5DB /* Debug */,
				E9B55407200E4D320038E5DB /* Release */,
			);
			defaultConfigurationIsVisible = 0;
			defaultConfigurationName = Release;
		};
/* End XCConfigurationList section */
	};
	rootObject = E9B553CA200E4D310038E5DB /* Project object */;
}
